
Microsoft Visual Studio Solution File, Format Version 12.00
# Visual Studio Version 16
VisualStudioVersion = 16.0.31205.134
MinimumVisualStudioVersion = 10.0.40219.1
Project("{FAE04EC0-301F-11D3-BF4B-00C04F79EFBC}") = "DataType", "DataType\DataType.csproj", "{6BFB10A9-DF36-4C41-915D-4266B0D9BDBC}"
EndProject
Project("{FAE04EC0-301F-11D3-BF4B-00C04F79EFBC}") = "Mang", "Mang\Mang.csproj", "{1BB152FB-BAAC-4610-95A4-A7B9675DB81B}"
EndProject
Project("{FAE04EC0-301F-11D3-BF4B-00C04F79EFBC}") = "MangHaiChieu", "MangHaiChieu\MangHaiChieu.csproj", "{4CC23E02-673B-433E-B83C-A0EC23E469E9}"
EndProject
Project("{FAE04EC0-301F-11D3-BF4B-00C04F79EFBC}") = "PhuongTrinh", "PhanSo\PhuongTrinh.csproj", "{441FC850-5DE0-47C4-AD57-6E00E77790C8}"
EndProject
Project("{FAE04EC0-301F-11D3-BF4B-00C04F79EFBC}") = "Chuoi", "Chuoi\Chuoi.csproj", "{A826E307-D8CD-41A7-9793-EDF9E3F8C13A}"
EndProject
Global
	GlobalSection(SolutionConfigurationPlatforms) = preSolution
		Debug|Any CPU = Debug|Any CPU
		Release|Any CPU = Release|Any CPU
	EndGlobalSection
	GlobalSection(ProjectConfigurationPlatforms) = postSolution
		{6BFB10A9-DF36-4C41-915D-4266B0D9BDBC}.Debug|Any CPU.ActiveCfg = Debug|Any CPU
		{6BFB10A9-DF36-4C41-915D-4266B0D9BDBC}.Debug|Any CPU.Build.0 = Debug|Any CPU
		{6BFB10A9-DF36-4C41-915D-4266B0D9BDBC}.Release|Any CPU.ActiveCfg = Release|Any CPU
		{6BFB10A9-DF36-4C41-915D-4266B0D9BDBC}.Release|Any CPU.Build.0 = Release|Any CPU
		{1BB152FB-BAAC-4610-95A4-A7B9675DB81B}.Debug|Any CPU.ActiveCfg = Debug|Any CPU
		{1BB152FB-BAAC-4610-95A4-A7B9675DB81B}.Debug|Any CPU.Build.0 = Debug|Any CPU
		{1BB152FB-BAAC-4610-95A4-A7B9675DB81B}.Release|Any CPU.ActiveCfg = Release|Any CPU
		{1BB152FB-BAAC-4610-95A4-A7B9675DB81B}.Release|Any CPU.Build.0 = Release|Any CPU
		{4CC23E02-673B-433E-B83C-A0EC23E469E9}.Debug|Any CPU.ActiveCfg = Debug|Any CPU
		{4CC23E02-673B-433E-B83C-A0EC23E469E9}.Debug|Any CPU.Build.0 = Debug|Any CPU
		{4CC23E02-673B-433E-B83C-A0EC23E469E9}.Release|Any CPU.ActiveCfg = Release|Any CPU
		{4CC23E02-673B-433E-B83C-A0EC23E469E9}.Release|Any CPU.Build.0 = Release|Any CPU
		{441FC850-5DE0-47C4-AD57-6E00E77790C8}.Debug|Any CPU.ActiveCfg = Debug|Any CPU
		{441FC850-5DE0-47C4-AD57-6E00E77790C8}.Debug|Any CPU.Build.0 = Debug|Any CPU
		{441FC850-5DE0-47C4-AD57-6E00E77790C8}.Release|Any CPU.ActiveCfg = Release|Any CPU
		{441FC850-5DE0-47C4-AD57-6E00E77790C8}.Release|Any CPU.Build.0 = Release|Any CPU
		{A826E307-D8CD-41A7-9793-EDF9E3F8C13A}.Debug|Any CPU.ActiveCfg = Debug|Any CPU
		{A826E307-D8CD-41A7-9793-EDF9E3F8C13A}.Debug|Any CPU.Build.0 = Debug|Any CPU
		{A826E307-D8CD-41A7-9793-EDF9E3F8C13A}.Release|Any CPU.ActiveCfg = Release|Any CPU
		{A826E307-D8CD-41A7-9793-EDF9E3F8C13A}.Release|Any CPU.Build.0 = Release|Any CPU
	EndGlobalSection
	GlobalSection(SolutionProperties) = preSolution
		HideSolutionNode = FALSE
	EndGlobalSection
	GlobalSection(ExtensibilityGlobals) = postSolution
		SolutionGuid = {1C2E332D-8397-40F6-BB74-68794130FC3A}
	EndGlobalSection
EndGlobal
